
Microsoft Visual Studio Solution File, Format Version 12.00
# Visual Studio Version 16
VisualStudioVersion = 16.0.31112.23
MinimumVisualStudioVersion = 10.0.40219.1
Project("{FAE04EC0-301F-11D3-BF4B-00C04F79EFBC}") = "ModCommon", "ModCommon.csproj", "{FF834DEA-EC25-42A4-874D-0AB946A843CF}"
EndProject
Global
	GlobalSection(SolutionConfigurationPlatforms) = preSolution
		Debug|Any CPU = Debug|Any CPU
		Release|Any CPU = Release|Any CPU
	EndGlobalSection
	GlobalSection(ProjectConfigurationPlatforms) = postSolution
		{FF834DEA-EC25-42A4-874D-0AB946A843CF}.Debug|Any CPU.ActiveCfg = Debug|Any CPU
		{FF834DEA-EC25-42A4-874D-0AB946A843CF}.Debug|Any CPU.Build.0 = Debug|Any CPU
		{FF834DEA-EC25-42A4-874D-0AB946A843CF}.Release|Any CPU.ActiveCfg = Release|Any CPU
		{FF834DEA-EC25-42A4-874D-0AB946A843CF}.Release|Any CPU.Build.0 = Release|Any CPU
	EndGlobalSection
	GlobalSection(SolutionProperties) = preSolution
		HideSolutionNode = FALSE
	EndGlobalSection
	GlobalSection(ExtensibilityGlobals) = postSolution
		SolutionGuid = {1F41AF6F-B996-43C4-A98A-C530AA874319}
	EndGlobalSection
EndGlobal
